
Microsoft Visual Studio Solution File, Format Version 12.00
# Visual Studio Version 16
VisualStudioVersion = 16.0.31727.386
MinimumVisualStudioVersion = 10.0.40219.1
Project("{9A19103F-16F7-4668-BE54-9A1E7A4F7556}") = "yTapioBOT", "yTapioBOT\yTapioBOT.csproj", "{FF2AAA63-B33E-4F04-B5D3-3E5498191EF8}"
EndProject
Project("{9A19103F-16F7-4668-BE54-9A1E7A4F7556}") = "yTapioBOT.Library", "yTapioBOT.Library\yTapioBOT.Library.csproj", "{990CFD76-5B5A-4660-87C3-301DB9BF9C81}"
EndProject
Project("{9A19103F-16F7-4668-BE54-9A1E7A4F7556}") = "yTapioBOT.Servicos.Twitch", "yTapioBOT.Servicos.Twitch\yTapioBOT.Servicos.Twitch.csproj", "{13FAA309-A87B-46FA-8781-5A84D2AE306B}"
EndProject
Project("{9A19103F-16F7-4668-BE54-9A1E7A4F7556}") = "yTapioBOT.Servicos.Base", "yTapioBOT.Servicos.Base\yTapioBOT.Servicos.Base.csproj", "{3E517735-8EBB-4E36-9A3C-546C26FB2107}"
EndProject
Project("{9A19103F-16F7-4668-BE54-9A1E7A4F7556}") = "yTapioBOT.Entidade", "yTapioBOT.Entidade\yTapioBOT.Entidade.csproj", "{C0BBD4FF-1D9E-4970-B2F9-A6BB912CF460}"
EndProject
Project("{9A19103F-16F7-4668-BE54-9A1E7A4F7556}") = "yTapioBOT.BancoDados", "yTapioBOT.BancoDados\yTapioBOT.BancoDados.csproj", "{24BF7D68-0B54-4597-9CED-6E22CE83E031}"
EndProject
Project("{FAE04EC0-301F-11D3-BF4B-00C04F79EFBC}") = "yTapioBOT.Enumeradores", "yTapioBOT.Enumeradores\yTapioBOT.Enumeradores.csproj", "{970FC6F4-8EDC-4436-AB93-A092B3D2E018}"
EndProject
Global
	GlobalSection(SolutionConfigurationPlatforms) = preSolution
		Debug|Any CPU = Debug|Any CPU
		Release|Any CPU = Release|Any CPU
	EndGlobalSection
	GlobalSection(ProjectConfigurationPlatforms) = postSolution
		{FF2AAA63-B33E-4F04-B5D3-3E5498191EF8}.Debug|Any CPU.ActiveCfg = Debug|Any CPU
		{FF2AAA63-B33E-4F04-B5D3-3E5498191EF8}.Debug|Any CPU.Build.0 = Debug|Any CPU
		{FF2AAA63-B33E-4F04-B5D3-3E5498191EF8}.Release|Any CPU.ActiveCfg = Release|Any CPU
		{FF2AAA63-B33E-4F04-B5D3-3E5498191EF8}.Release|Any CPU.Build.0 = Release|Any CPU
		{990CFD76-5B5A-4660-87C3-301DB9BF9C81}.Debug|Any CPU.ActiveCfg = Debug|Any CPU
		{990CFD76-5B5A-4660-87C3-301DB9BF9C81}.Debug|Any CPU.Build.0 = Debug|Any CPU
		{990CFD76-5B5A-4660-87C3-301DB9BF9C81}.Release|Any CPU.ActiveCfg = Release|Any CPU
		{990CFD76-5B5A-4660-87C3-301DB9BF9C81}.Release|Any CPU.Build.0 = Release|Any CPU
		{13FAA309-A87B-46FA-8781-5A84D2AE306B}.Debug|Any CPU.ActiveCfg = Debug|Any CPU
		{13FAA309-A87B-46FA-8781-5A84D2AE306B}.Debug|Any CPU.Build.0 = Debug|Any CPU
		{13FAA309-A87B-46FA-8781-5A84D2AE306B}.Release|Any CPU.ActiveCfg = Release|Any CPU
		{13FAA309-A87B-46FA-8781-5A84D2AE306B}.Release|Any CPU.Build.0 = Release|Any CPU
		{3E517735-8EBB-4E36-9A3C-546C26FB2107}.Debug|Any CPU.ActiveCfg = Debug|Any CPU
		{3E517735-8EBB-4E36-9A3C-546C26FB2107}.Debug|Any CPU.Build.0 = Debug|Any CPU
		{3E517735-8EBB-4E36-9A3C-546C26FB2107}.Release|Any CPU.ActiveCfg = Release|Any CPU
		{3E517735-8EBB-4E36-9A3C-546C26FB2107}.Release|Any CPU.Build.0 = Release|Any CPU
		{C0BBD4FF-1D9E-4970-B2F9-A6BB912CF460}.Debug|Any CPU.ActiveCfg = Debug|Any CPU
		{C0BBD4FF-1D9E-4970-B2F9-A6BB912CF460}.Debug|Any CPU.Build.0 = Debug|Any CPU
		{C0BBD4FF-1D9E-4970-B2F9-A6BB912CF460}.Release|Any CPU.ActiveCfg = Release|Any CPU
		{C0BBD4FF-1D9E-4970-B2F9-A6BB912CF460}.Release|Any CPU.Build.0 = Release|Any CPU
		{24BF7D68-0B54-4597-9CED-6E22CE83E031}.Debug|Any CPU.ActiveCfg = Debug|Any CPU
		{24BF7D68-0B54-4597-9CED-6E22CE83E031}.Debug|Any CPU.Build.0 = Debug|Any CPU
		{24BF7D68-0B54-4597-9CED-6E22CE83E031}.Release|Any CPU.ActiveCfg = Release|Any CPU
		{24BF7D68-0B54-4597-9CED-6E22CE83E031}.Release|Any CPU.Build.0 = Release|Any CPU
		{970FC6F4-8EDC-4436-AB93-A092B3D2E018}.Debug|Any CPU.ActiveCfg = Debug|Any CPU
		{970FC6F4-8EDC-4436-AB93-A092B3D2E018}.Debug|Any CPU.Build.0 = Debug|Any CPU
		{970FC6F4-8EDC-4436-AB93-A092B3D2E018}.Release|Any CPU.ActiveCfg = Release|Any CPU
		{970FC6F4-8EDC-4436-AB93-A092B3D2E018}.Release|Any CPU.Build.0 = Release|Any CPU
	EndGlobalSection
	GlobalSection(SolutionProperties) = preSolution
		HideSolutionNode = FALSE
	EndGlobalSection
	GlobalSection(ExtensibilityGlobals) = postSolution
		SolutionGuid = {803BC369-2447-413D-B521-74D44C4F0D58}
	EndGlobalSection
EndGlobal
